
Microsoft Visual Studio Solution File, Format Version 12.00
# Visual Studio Express 2013 for Web
VisualStudioVersion = 12.0.31101.0
MinimumVisualStudioVersion = 10.0.40219.1
Project("{FAE04EC0-301F-11D3-BF4B-00C04F79EFBC}") = "number_cruncher", "number_cruncher.csproj", "{726C7FB3-6152-41F3-AD44-53D5F034FF59}"
EndProject
Project("{FAE04EC0-301F-11D3-BF4B-00C04F79EFBC}") = "number_cruncher_test", "..\number_cruncher_test\number_cruncher_test.csproj", "{284EF2C7-F090-4DE4-A42E-0E3FF14D1024}"
EndProject
Project("{2150E333-8FDC-42A3-9474-1A3956D46DE8}") = ".nuget", ".nuget", "{AEBBFC35-9256-4F82-A564-11499115E56B}"
	ProjectSection(SolutionItems) = preProject
		.nuget\NuGet.Config = .nuget\NuGet.Config
		.nuget\NuGet.exe = .nuget\NuGet.exe
		.nuget\NuGet.targets = .nuget\NuGet.targets
	EndProjectSection
EndProject
Global
	GlobalSection(SolutionConfigurationPlatforms) = preSolution
		Debug|Any CPU = Debug|Any CPU
		Release|Any CPU = Release|Any CPU
	EndGlobalSection
	GlobalSection(ProjectConfigurationPlatforms) = postSolution
		{726C7FB3-6152-41F3-AD44-53D5F034FF59}.Debug|Any CPU.ActiveCfg = Debug|Any CPU
		{726C7FB3-6152-41F3-AD44-53D5F034FF59}.Debug|Any CPU.Build.0 = Debug|Any CPU
		{726C7FB3-6152-41F3-AD44-53D5F034FF59}.Release|Any CPU.ActiveCfg = Release|Any CPU
		{726C7FB3-6152-41F3-AD44-53D5F034FF59}.Release|Any CPU.Build.0 = Release|Any CPU
		{284EF2C7-F090-4DE4-A42E-0E3FF14D1024}.Debug|Any CPU.ActiveCfg = Debug|Any CPU
		{284EF2C7-F090-4DE4-A42E-0E3FF14D1024}.Debug|Any CPU.Build.0 = Debug|Any CPU
		{284EF2C7-F090-4DE4-A42E-0E3FF14D1024}.Release|Any CPU.ActiveCfg = Release|Any CPU
		{284EF2C7-F090-4DE4-A42E-0E3FF14D1024}.Release|Any CPU.Build.0 = Release|Any CPU
	EndGlobalSection
	GlobalSection(SolutionProperties) = preSolution
		HideSolutionNode = FALSE
	EndGlobalSection
EndGlobal
